{
  "name": "karabiner-elements-keymap-gen",
  "version": "1.0.0",
  "lockfileVersion": 1,
  "requires": true,
  "dependencies": {
    "@types/lodash": {
      "version": "4.14.116",
      "resolved": "https://registry.npmjs.org/@types/lodash/-/lodash-4.14.116.tgz",
      "integrity": "sha512-lRnAtKnxMXcYYXqOiotTmJd74uawNWuPnsnPrrO7HiFuE3npE2iQhfABatbYDyxTNqZNuXzcKGhw37R7RjBFLg==",
      "dev": true
    },
    "adler-32": {
      "version": "1.1.0",
      "resolved": "https://registry.npmjs.org/adler-32/-/adler-32-1.1.0.tgz",
      "integrity": "sha1-A1UaXH8O371PyPoSpoFJeOq2UcM=",
      "dev": true,
      "requires": {
        "exit-on-epipe": "1.0.1",
        "printj": "1.1.2"
      }
    },
    "cfb": {
      "version": "0.12.1",
      "resolved": "https://registry.npmjs.org/cfb/-/cfb-0.12.1.tgz",
      "integrity": "sha512-cP+4A0tTqtyza5gJwNwDetZ8FPjl0gPLE7mIxGKyUzOS6HkM23WaAWW/l3t7jIQSMqVXroa09Ey0lo7gV8LNxw==",
      "dev": true,
      "requires": {
        "commander": "2.11.0",
        "printj": "1.1.2"
      }
    },
    "codepage": {
      "version": "1.10.2",
      "resolved": "https://registry.npmjs.org/codepage/-/codepage-1.10.2.tgz",
      "integrity": "sha1-vr0lIk3GJqAAfqAU4HbOBXN0dp4=",
      "dev": true,
      "requires": {
        "commander": "2.11.0",
        "exit-on-epipe": "1.0.1",
        "voc": "1.0.0"
      }
    },
    "commander": {
      "version": "2.11.0",
      "resolved": "https://registry.npmjs.org/commander/-/commander-2.11.0.tgz",
      "integrity": "sha512-b0553uYA5YAEGgyYIGYROzKQ7X5RAqedkfjiZxwi0kL1g3bOaBNNZfYkzt/CL0umgD5wc9Jec2FbB98CjkMRvQ==",
      "dev": true
    },
    "crc-32": {
      "version": "1.1.1",
      "resolved": "https://registry.npmjs.org/crc-32/-/crc-32-1.1.1.tgz",
      "integrity": "sha1-XXOdXkxuNSrYME1zIj1IP+Va240=",
      "dev": true,
      "requires": {
        "exit-on-epipe": "1.0.1",
        "printj": "1.1.2"
      }
    },
    "exit-on-epipe": {
      "version": "1.0.1",
      "resolved": "https://registry.npmjs.org/exit-on-epipe/-/exit-on-epipe-1.0.1.tgz",
      "integrity": "sha512-h2z5mrROTxce56S+pnvAV890uu7ls7f1kEvVGJbw1OlFH3/mlJ5bkXu0KRyW94v37zzHPiUd55iLn3DA7TjWpw==",
      "dev": true
    },
    "frac": {
      "version": "1.1.2",
      "resolved": "https://registry.npmjs.org/frac/-/frac-1.1.2.tgz",
      "integrity": "sha512-w/XBfkibaTl3YDqASwfDUqkna4Z2p9cFSr1aHDt0WoMTECnRfBOv2WArlZILlqgWlmdIlALXGpM2AOhEk5W3IA==",
      "dev": true
    },
    "jsonify-excel": {
      "version": "1.0.14",
      "resolved": "https://registry.npmjs.org/jsonify-excel/-/jsonify-excel-1.0.14.tgz",
      "integrity": "sha512-Dogv3JpREjgPI16FD369sSXsG7rTcjzIQGv4XphMlmQhem9JLywUGvE5xzPmDTHV+Dar1xysphvtbC8UUp/QTA==",
      "dev": true,
      "requires": {
        "@types/lodash": "4.14.116",
        "lodash": "4.17.10",
        "xlsx": "0.10.9"
      }
    },
    "lodash": {
      "version": "4.17.10",
      "resolved": "https://registry.npmjs.org/lodash/-/lodash-4.17.10.tgz",
      "integrity": "sha512-UejweD1pDoXu+AD825lWwp4ZGtSwgnpZxb3JDViD7StjQz+Nb/6l093lx4OQ0foGWNRoc19mWy7BzL+UAK2iVg==",
      "dev": true
    },
    "printj": {
      "version": "1.1.2",
      "resolved": "https://registry.npmjs.org/printj/-/printj-1.1.2.tgz",
      "integrity": "sha512-zA2SmoLaxZyArQTOPj5LXecR+RagfPSU5Kw1qP+jkWeNlrq+eJZyY2oS68SU1Z/7/myXM4lo9716laOFAVStCQ==",
      "dev": true
    },
    "ssf": {
      "version": "0.10.2",
      "resolved": "https://registry.npmjs.org/ssf/-/ssf-0.10.2.tgz",
      "integrity": "sha512-rDhAPm9WyIsY8eZEKyE8Qsotb3j/wBdvMWBUsOhJdfhKGLfQidRjiBUV0y/MkyCLiXQ38FG6LWW/VYUtqlIDZQ==",
      "dev": true,
      "requires": {
        "frac": "1.1.2"
      }
    },
    "voc": {
      "version": "1.0.0",
      "resolved": "https://registry.npmjs.org/voc/-/voc-1.0.0.tgz",
      "integrity": "sha512-mQwxWlK+zosxxDTqiFb9ZQBNgd794scgkhVwca7h9sEhvA52f3VzbOK+TOWeS8eSrFXnfuKrxElSPc5oLAetfw==",
      "dev": true
    },
    "xlsx": {
      "version": "0.10.9",
      "resolved": "https://registry.npmjs.org/xlsx/-/xlsx-0.10.9.tgz",
      "integrity": "sha1-LEPYwE7CUh1hlVKHJG6o3v4ZJ18=",
      "dev": true,
      "requires": {
        "adler-32": "1.1.0",
        "cfb": "0.12.1",
        "codepage": "1.10.2",
        "commander": "2.11.0",
        "crc-32": "1.1.1",
        "exit-on-epipe": "1.0.1",
        "ssf": "0.10.2"
      }
    }
  }
}
