# THIS IS AN AUTOGENERATED FILE. DO NOT EDIT THIS FILE DIRECTLY.
# yarn lockfile v1


"@types/lodash@^4.14.69":
  version "4.14.71"
  resolved "https://registry.yarnpkg.com/@types/lodash/-/lodash-4.14.71.tgz#0dc383f78981216ac76e2f2c3afd998e0450e4c1"

adler-32@~1.0.0:
  version "1.0.0"
  resolved "https://registry.yarnpkg.com/adler-32/-/adler-32-1.0.0.tgz#28728a71756f629666dd1653cd80793a9df18651"
  dependencies:
    concat-stream ""
    exit-on-epipe ""
    printj ""

cfb@~0.11.1:
  version "0.11.1"
  resolved "https://registry.yarnpkg.com/cfb/-/cfb-0.11.1.tgz#a96db8f272a6c3fb99dbbb23ef41223f48be1ea7"
  dependencies:
    commander ""

codepage@~1.9.0:
  version "1.9.0"
  resolved "https://registry.yarnpkg.com/codepage/-/codepage-1.9.0.tgz#6cc6d2372bea8445cfd3ec6bf5f8d864facfae1a"
  dependencies:
    commander ""
    concat-stream ""
    exit-on-epipe ""
    voc ""

colors@0.6.2:
  version "0.6.2"
  resolved "https://registry.yarnpkg.com/colors/-/colors-0.6.2.tgz#2423fe6678ac0c5dae8852e5d0e5be08c997abcc"

commander@:
  version "2.11.0"
  resolved "https://registry.yarnpkg.com/commander/-/commander-2.11.0.tgz#157152fd1e7a6c8d98a5b715cf376df928004563"

commander@~2.9.0:
  version "2.9.0"
  resolved "https://registry.yarnpkg.com/commander/-/commander-2.9.0.tgz#9c99094176e12240cb22d6c5146098400fe0f7d4"
  dependencies:
    graceful-readlink ">= 1.0.0"

concat-stream@:
  version "1.6.0"
  resolved "https://registry.yarnpkg.com/concat-stream/-/concat-stream-1.6.0.tgz#0aac662fd52be78964d5532f694784e70110acf7"
  dependencies:
    inherits "^2.0.3"
    readable-stream "^2.2.2"
    typedarray "^0.0.6"

core-util-is@~1.0.0:
  version "1.0.2"
  resolved "https://registry.yarnpkg.com/core-util-is/-/core-util-is-1.0.2.tgz#b5fd54220aa2bc5ab57aab7140c940754503c1a7"

crc-32@~1.0.2:
  version "1.0.2"
  resolved "https://registry.yarnpkg.com/crc-32/-/crc-32-1.0.2.tgz#09507984ee9bcce3bd1b8861f0de8ab10ae8187d"
  dependencies:
    exit-on-epipe ""
    printj ""

exit-on-epipe@, exit-on-epipe@~1.0.0:
  version "1.0.1"
  resolved "https://registry.yarnpkg.com/exit-on-epipe/-/exit-on-epipe-1.0.1.tgz#0bdd92e87d5285d267daa8171d0eb06159689692"

frac@~1.0.6:
  version "1.0.6"
  resolved "https://registry.yarnpkg.com/frac/-/frac-1.0.6.tgz#9a0dfc23956852a8b320623bebcf1be9ea048229"
  dependencies:
    voc ""

"graceful-readlink@>= 1.0.0":
  version "1.0.1"
  resolved "https://registry.yarnpkg.com/graceful-readlink/-/graceful-readlink-1.0.1.tgz#4cafad76bc62f02fa039b2f94e9a3dd3a391a725"

inherits@^2.0.3, inherits@~2.0.3:
  version "2.0.3"
  resolved "https://registry.yarnpkg.com/inherits/-/inherits-2.0.3.tgz#633c2c83e3da42a502f52466022480f4208261de"

isarray@~1.0.0:
  version "1.0.0"
  resolved "https://registry.yarnpkg.com/isarray/-/isarray-1.0.0.tgz#bb935d48582cba168c06834957a54a3e07124f11"

jsonify-excel@^1.0.14:
  version "1.0.14"
  resolved "https://registry.yarnpkg.com/jsonify-excel/-/jsonify-excel-1.0.14.tgz#bd6040c110052c31069049526462965225cdc466"
  dependencies:
    "@types/lodash" "^4.14.69"
    lodash "^4.17.4"
    xlsx "^0.10.8"

lodash@^4.17.4:
  version "4.17.4"
  resolved "https://registry.yarnpkg.com/lodash/-/lodash-4.17.4.tgz#78203a4d1c328ae1d86dca6460e369b57f4055ae"

printj@:
  version "1.1.0"
  resolved "https://registry.yarnpkg.com/printj/-/printj-1.1.0.tgz#85487b5e8f96763b0b4a253613bef9dd9b387e3c"

process-nextick-args@~1.0.6:
  version "1.0.7"
  resolved "https://registry.yarnpkg.com/process-nextick-args/-/process-nextick-args-1.0.7.tgz#150e20b756590ad3f91093f25a4f2ad8bff30ba3"

readable-stream@^2.2.2:
  version "2.3.3"
  resolved "https://registry.yarnpkg.com/readable-stream/-/readable-stream-2.3.3.tgz#368f2512d79f9d46fdfc71349ae7878bbc1eb95c"
  dependencies:
    core-util-is "~1.0.0"
    inherits "~2.0.3"
    isarray "~1.0.0"
    process-nextick-args "~1.0.6"
    safe-buffer "~5.1.1"
    string_decoder "~1.0.3"
    util-deprecate "~1.0.1"

safe-buffer@~5.1.0, safe-buffer@~5.1.1:
  version "5.1.1"
  resolved "https://registry.yarnpkg.com/safe-buffer/-/safe-buffer-5.1.1.tgz#893312af69b2123def71f57889001671eeb2c853"

ssf@~0.9.4:
  version "0.9.4"
  resolved "https://registry.yarnpkg.com/ssf/-/ssf-0.9.4.tgz#8e57a98c19dbbf1edd53f0f8c9e7fd524b0f6c9c"
  dependencies:
    colors "0.6.2"
    frac "~1.0.6"
    voc ""

string_decoder@~1.0.3:
  version "1.0.3"
  resolved "https://registry.yarnpkg.com/string_decoder/-/string_decoder-1.0.3.tgz#0fc67d7c141825de94282dd536bec6b9bce860ab"
  dependencies:
    safe-buffer "~5.1.0"

typedarray@^0.0.6:
  version "0.0.6"
  resolved "https://registry.yarnpkg.com/typedarray/-/typedarray-0.0.6.tgz#867ac74e3864187b1d3d47d996a78ec5c8830777"

util-deprecate@~1.0.1:
  version "1.0.2"
  resolved "https://registry.yarnpkg.com/util-deprecate/-/util-deprecate-1.0.2.tgz#450d4dc9fa70de732762fbd2d4a28981419a0ccf"

voc@:
  version "0.5.0"
  resolved "https://registry.yarnpkg.com/voc/-/voc-0.5.0.tgz#be6ca7c76e4a57d930cc80f6b31fbd80ca86045c"

xlsx@^0.10.8:
  version "0.10.8"
  resolved "https://registry.yarnpkg.com/xlsx/-/xlsx-0.10.8.tgz#0a6b66bc0c5d1738665ea28f0246f3bbf6411502"
  dependencies:
    adler-32 "~1.0.0"
    cfb "~0.11.1"
    codepage "~1.9.0"
    commander "~2.9.0"
    crc-32 "~1.0.2"
    exit-on-epipe "~1.0.0"
    ssf "~0.9.4"
